
Microsoft Visual Studio Solution File, Format Version 12.00
# Visual Studio Version 17
VisualStudioVersion = 17.8.34330.188
MinimumVisualStudioVersion = 10.0.40219.1
Project("{FAE04EC0-301F-11D3-BF4B-00C04F79EFBC}") = "WordleEvolved", "WordleEvolved\WordleEvolved.csproj", "{83F4EDD1-5B39-4548-93F9-6B6CAF7C7218}"
EndProject
Global
	GlobalSection(SolutionConfigurationPlatforms) = preSolution
		Debug|Any CPU = Debug|Any CPU
		Release|Any CPU = Release|Any CPU
	EndGlobalSection
	GlobalSection(ProjectConfigurationPlatforms) = postSolution
		{83F4EDD1-5B39-4548-93F9-6B6CAF7C7218}.Debug|Any CPU.ActiveCfg = Debug|Any CPU
		{83F4EDD1-5B39-4548-93F9-6B6CAF7C7218}.Debug|Any CPU.Build.0 = Debug|Any CPU
		{83F4EDD1-5B39-4548-93F9-6B6CAF7C7218}.Release|Any CPU.ActiveCfg = Release|Any CPU
		{83F4EDD1-5B39-4548-93F9-6B6CAF7C7218}.Release|Any CPU.Build.0 = Release|Any CPU
	EndGlobalSection
	GlobalSection(SolutionProperties) = preSolution
		HideSolutionNode = FALSE
	EndGlobalSection
	GlobalSection(ExtensibilityGlobals) = postSolution
		SolutionGuid = {9FE2B622-99F4-4360-9207-A2473A235015}
	EndGlobalSection
EndGlobal
